{

  "name": "scripts",

  "lockfileVersion": 2,

  "requires": true,

  "packages": {

    "": {

      "dependencies": {

        "lodash.toarray": "^4.4.0"

      }

    },

    "node_modules/lodash.toarray": {

      "version": "4.4.0",

      "resolved": "https://registry.npmjs.org/lodash.toarray/-/lodash.toarray-4.4.0.tgz",

      "integrity": "sha512-QyffEA3i5dma5q2490+SgCvDN0pXLmRGSyAANuVi0HQ01Pkfr9fuoKQW8wm1wGBnJITs/mS7wQvS6VshUEBFCw=="

    }

  },

  "dependencies": {

    "lodash.toarray": {

      "version": "4.4.0",

      "resolved": "https://registry.npmjs.org/lodash.toarray/-/lodash.toarray-4.4.0.tgz",

      "integrity": "sha512-QyffEA3i5dma5q2490+SgCvDN0pXLmRGSyAANuVi0HQ01Pkfr9fuoKQW8wm1wGBnJITs/mS7wQvS6VshUEBFCw=="

    }

  }

}

